// !$*UTF8*$!
{
	archiveVersion = 1;
	classes = {
	};
	objectVersion = 48;
	objects = {

/* Begin PBXBuildFile section */
		1C1CC9542013D62C002A163F /* AddEditPriceController.swift in Sources */ = {isa = PBXBuildFile; fileRef = 1C1CC9532013D62C002A163F /* AddEditPriceController.swift */; };
		1C1CC9572013E53E002A163F /* CellActionDelegate.swift in Sources */ = {isa = PBXBuildFile; fileRef = 1C1CC9562013E53E002A163F /* CellActionDelegate.swift */; };
		1C1CC95A2013F46F002A163F /* EntryCellWithLabel.swift in Sources */ = {isa = PBXBuildFile; fileRef = 1C1CC9592013F46F002A163F /* EntryCellWithLabel.swift */; };
		1C1CC95C20140432002A163F /* BaseControlCell.swift in Sources */ = {isa = PBXBuildFile; fileRef = 1C1CC95B20140432002A163F /* BaseControlCell.swift */; };
		1C1CC95E2014464C002A163F /* DatePickerCell.swift in Sources */ = {isa = PBXBuildFile; fileRef = 1C1CC95D2014464C002A163F /* DatePickerCell.swift */; };
		1C1CC96020154C0E002A163F /* LargeEntryCell.swift in Sources */ = {isa = PBXBuildFile; fileRef = 1C1CC95F20154C0E002A163F /* LargeEntryCell.swift */; };
		1C76F0F920045869009C9F26 /* AppDelegate.swift in Sources */ = {isa = PBXBuildFile; fileRef = 1C76F0F120045869009C9F26 /* AppDelegate.swift */; };
		1C76F0FA20045869009C9F26 /* Assets.xcassets in Resources */ = {isa = PBXBuildFile; fileRef = 1C76F0F220045869009C9F26 /* Assets.xcassets */; };
		1C76F0FC20045869009C9F26 /* LaunchScreen.storyboard in Resources */ = {isa = PBXBuildFile; fileRef = 1C76F0F420045869009C9F26 /* LaunchScreen.storyboard */; };
		1C76F0FD20045869009C9F26 /* Models.swift in Sources */ = {isa = PBXBuildFile; fileRef = 1C76F0F520045869009C9F26 /* Models.swift */; };
		1C76F0FE20045869009C9F26 /* ProductDetailsViewController.swift in Sources */ = {isa = PBXBuildFile; fileRef = 1C76F0F620045869009C9F26 /* ProductDetailsViewController.swift */; };
		1C76F0FF20045869009C9F26 /* ProductTableViewCell.swift in Sources */ = {isa = PBXBuildFile; fileRef = 1C76F0F720045869009C9F26 /* ProductTableViewCell.swift */; };
		1C76F10020045869009C9F26 /* ProductTableViewController.swift in Sources */ = {isa = PBXBuildFile; fileRef = 1C76F0F820045869009C9F26 /* ProductTableViewController.swift */; };
		1C76F10220045BBE009C9F26 /* ProductDetailsHeaderView.swift in Sources */ = {isa = PBXBuildFile; fileRef = 1C76F10120045BBE009C9F26 /* ProductDetailsHeaderView.swift */; };
		1C76F10520045CFD009C9F26 /* ProductDetailsTitleViewCell.swift in Sources */ = {isa = PBXBuildFile; fileRef = 1C76F10420045CFD009C9F26 /* ProductDetailsTitleViewCell.swift */; };
		1CFC3B0B200C16D8004A06AE /* ProductDetailsActionViewCell.swift in Sources */ = {isa = PBXBuildFile; fileRef = 1CFC3B0A200C16D8004A06AE /* ProductDetailsActionViewCell.swift */; };
		1CFC3B0F200D6DAD004A06AE /* SampleTestViewController.swift in Sources */ = {isa = PBXBuildFile; fileRef = 1CFC3B0E200D6DAD004A06AE /* SampleTestViewController.swift */; };
		1CFC3B112012BD32004A06AE /* ProductPriceViewCell.swift in Sources */ = {isa = PBXBuildFile; fileRef = 1CFC3B102012BD32004A06AE /* ProductPriceViewCell.swift */; };
		8B60537E201A8A1200217FEB /* AddEditProductController.swift in Sources */ = {isa = PBXBuildFile; fileRef = 8B60537D201A8A1200217FEB /* AddEditProductController.swift */; };
		8B605380201A8DE600217FEB /* AddEditProductHeaderView.swift in Sources */ = {isa = PBXBuildFile; fileRef = 8B60537F201A8DE600217FEB /* AddEditProductHeaderView.swift */; };
		8B6053A4201BB87D00217FEB /* PricePantry.xcdatamodeld in Sources */ = {isa = PBXBuildFile; fileRef = 8B6053A2201BB87D00217FEB /* PricePantry.xcdatamodeld */; };
		8B6053A7201C673000217FEB /* NavigationExtension.swift in Sources */ = {isa = PBXBuildFile; fileRef = 8B6053A6201C673000217FEB /* NavigationExtension.swift */; };
		8B6053A9201D654800217FEB /* UIImageExtension.swift in Sources */ = {isa = PBXBuildFile; fileRef = 8B6053A8201D654800217FEB /* UIImageExtension.swift */; };
		8B6053AB201D985B00217FEB /* ControllerActionDelegate.swift in Sources */ = {isa = PBXBuildFile; fileRef = 8B6053AA201D985B00217FEB /* ControllerActionDelegate.swift */; };
/* End PBXBuildFile section */

/* Begin PBXFileReference section */
		1C1CC9532013D62C002A163F /* AddEditPriceController.swift */ = {isa = PBXFileReference; lastKnownFileType = sourcecode.swift; path = AddEditPriceController.swift; sourceTree = "<group>"; };
		1C1CC9562013E53E002A163F /* CellActionDelegate.swift */ = {isa = PBXFileReference; lastKnownFileType = sourcecode.swift; path = CellActionDelegate.swift; sourceTree = "<group>"; };
		1C1CC9592013F46F002A163F /* EntryCellWithLabel.swift */ = {isa = PBXFileReference; lastKnownFileType = sourcecode.swift; path = EntryCellWithLabel.swift; sourceTree = "<group>"; };
		1C1CC95B20140432002A163F /* BaseControlCell.swift */ = {isa = PBXFileReference; lastKnownFileType = sourcecode.swift; path = BaseControlCell.swift; sourceTree = "<group>"; };
		1C1CC95D2014464C002A163F /* DatePickerCell.swift */ = {isa = PBXFileReference; lastKnownFileType = sourcecode.swift; path = DatePickerCell.swift; sourceTree = "<group>"; };
		1C1CC95F20154C0E002A163F /* LargeEntryCell.swift */ = {isa = PBXFileReference; lastKnownFileType = sourcecode.swift; path = LargeEntryCell.swift; sourceTree = "<group>"; };
		1C76F0F120045869009C9F26 /* AppDelegate.swift */ = {isa = PBXFileReference; fileEncoding = 4; lastKnownFileType = sourcecode.swift; path = AppDelegate.swift; sourceTree = "<group>"; };
		1C76F0F220045869009C9F26 /* Assets.xcassets */ = {isa = PBXFileReference; lastKnownFileType = folder.assetcatalog; path = Assets.xcassets; sourceTree = "<group>"; };
		1C76F0F320045869009C9F26 /* Info.plist */ = {isa = PBXFileReference; fileEncoding = 4; lastKnownFileType = text.plist.xml; path = Info.plist; sourceTree = "<group>"; };
		1C76F0F420045869009C9F26 /* LaunchScreen.storyboard */ = {isa = PBXFileReference; fileEncoding = 4; lastKnownFileType = file.storyboard; path = LaunchScreen.storyboard; sourceTree = "<group>"; };
		1C76F0F520045869009C9F26 /* Models.swift */ = {isa = PBXFileReference; fileEncoding = 4; lastKnownFileType = sourcecode.swift; path = Models.swift; sourceTree = "<group>"; };
		1C76F0F620045869009C9F26 /* ProductDetailsViewController.swift */ = {isa = PBXFileReference; fileEncoding = 4; lastKnownFileType = sourcecode.swift; path = ProductDetailsViewController.swift; sourceTree = "<group>"; };
		1C76F0F720045869009C9F26 /* ProductTableViewCell.swift */ = {isa = PBXFileReference; fileEncoding = 4; lastKnownFileType = sourcecode.swift; path = ProductTableViewCell.swift; sourceTree = "<group>"; };
		1C76F0F820045869009C9F26 /* ProductTableViewController.swift */ = {isa = PBXFileReference; fileEncoding = 4; lastKnownFileType = sourcecode.swift; path = ProductTableViewController.swift; sourceTree = "<group>"; };
		1C76F10120045BBE009C9F26 /* ProductDetailsHeaderView.swift */ = {isa = PBXFileReference; lastKnownFileType = sourcecode.swift; path = ProductDetailsHeaderView.swift; sourceTree = "<group>"; };
		1C76F10420045CFD009C9F26 /* ProductDetailsTitleViewCell.swift */ = {isa = PBXFileReference; lastKnownFileType = sourcecode.swift; path = ProductDetailsTitleViewCell.swift; sourceTree = "<group>"; };
		1CFC3B0920047C0A004A06AE /* PricePantry.app */ = {isa = PBXFileReference; explicitFileType = wrapper.application; includeInIndex = 0; path = PricePantry.app; sourceTree = BUILT_PRODUCTS_DIR; };
		1CFC3B0A200C16D8004A06AE /* ProductDetailsActionViewCell.swift */ = {isa = PBXFileReference; lastKnownFileType = sourcecode.swift; path = ProductDetailsActionViewCell.swift; sourceTree = "<group>"; };
		1CFC3B0E200D6DAD004A06AE /* SampleTestViewController.swift */ = {isa = PBXFileReference; lastKnownFileType = sourcecode.swift; path = SampleTestViewController.swift; sourceTree = "<group>"; };
		1CFC3B102012BD32004A06AE /* ProductPriceViewCell.swift */ = {isa = PBXFileReference; lastKnownFileType = sourcecode.swift; path = ProductPriceViewCell.swift; sourceTree = "<group>"; };
		8B60537D201A8A1200217FEB /* AddEditProductController.swift */ = {isa = PBXFileReference; lastKnownFileType = sourcecode.swift; path = AddEditProductController.swift; sourceTree = "<group>"; };
		8B60537F201A8DE600217FEB /* AddEditProductHeaderView.swift */ = {isa = PBXFileReference; lastKnownFileType = sourcecode.swift; path = AddEditProductHeaderView.swift; sourceTree = "<group>"; };
		8B6053A3201BB87D00217FEB /* PricePantry.xcdatamodel */ = {isa = PBXFileReference; lastKnownFileType = wrapper.xcdatamodel; path = PricePantry.xcdatamodel; sourceTree = "<group>"; };
		8B6053A6201C673000217FEB /* NavigationExtension.swift */ = {isa = PBXFileReference; lastKnownFileType = sourcecode.swift; path = NavigationExtension.swift; sourceTree = "<group>"; };
		8B6053A8201D654800217FEB /* UIImageExtension.swift */ = {isa = PBXFileReference; lastKnownFileType = sourcecode.swift; path = UIImageExtension.swift; sourceTree = "<group>"; };
		8B6053AA201D985B00217FEB /* ControllerActionDelegate.swift */ = {isa = PBXFileReference; lastKnownFileType = sourcecode.swift; path = ControllerActionDelegate.swift; sourceTree = "<group>"; };
/* End PBXFileReference section */

/* Begin PBXFrameworksBuildPhase section */
		1C6B71BD2000135C00221DF0 /* Frameworks */ = {
			isa = PBXFrameworksBuildPhase;
			buildActionMask = 2147483647;
			files = (
			);
			runOnlyForDeploymentPostprocessing = 0;
		};
/* End PBXFrameworksBuildPhase section */

/* Begin PBXGroup section */
		1C1CC9522013B7DC002A163F /* Model */ = {
			isa = PBXGroup;
			children = (
				1C76F0F520045869009C9F26 /* Models.swift */,
			);
			path = Model;
			sourceTree = "<group>";
		};
		1C1CC9552013E4F8002A163F /* Protocol */ = {
			isa = PBXGroup;
			children = (
				1C1CC9562013E53E002A163F /* CellActionDelegate.swift */,
				8B6053AA201D985B00217FEB /* ControllerActionDelegate.swift */,
			);
			path = Protocol;
			sourceTree = "<group>";
		};
		1C1CC9582013F3FA002A163F /* Control */ = {
			isa = PBXGroup;
			children = (
				1C1CC95B20140432002A163F /* BaseControlCell.swift */,
				1C1CC9592013F46F002A163F /* EntryCellWithLabel.swift */,
				1C1CC95D2014464C002A163F /* DatePickerCell.swift */,
				1C1CC95F20154C0E002A163F /* LargeEntryCell.swift */,
			);
			path = Control;
			sourceTree = "<group>";
		};
		1C6B71B72000135B00221DF0 = {
			isa = PBXGroup;
			children = (
				1C76F0F020045869009C9F26 /* PricePantry */,
				1CFC3B0920047C0A004A06AE /* PricePantry.app */,
			);
			sourceTree = "<group>";
		};
		1C76F0F020045869009C9F26 /* PricePantry */ = {
			isa = PBXGroup;
			children = (
				8B6053A5201C66E500217FEB /* Extension */,
				1C1CC9552013E4F8002A163F /* Protocol */,
				1C1CC9522013B7DC002A163F /* Model */,
				1C76F10320045C40009C9F26 /* View */,
				1CFC3B122013B4E7004A06AE /* Controller */,
				1C76F0F120045869009C9F26 /* AppDelegate.swift */,
				1C76F0F220045869009C9F26 /* Assets.xcassets */,
				1C76F0F320045869009C9F26 /* Info.plist */,
				1C76F0F420045869009C9F26 /* LaunchScreen.storyboard */,
				8B6053A2201BB87D00217FEB /* PricePantry.xcdatamodeld */,
			);
			path = PricePantry;
			sourceTree = "<group>";
		};
		1C76F10320045C40009C9F26 /* View */ = {
			isa = PBXGroup;
			children = (
				1C1CC9582013F3FA002A163F /* Control */,
				1C76F0F720045869009C9F26 /* ProductTableViewCell.swift */,
				1C76F10120045BBE009C9F26 /* ProductDetailsHeaderView.swift */,
				1C76F10420045CFD009C9F26 /* ProductDetailsTitleViewCell.swift */,
				1CFC3B0A200C16D8004A06AE /* ProductDetailsActionViewCell.swift */,
				1CFC3B102012BD32004A06AE /* ProductPriceViewCell.swift */,
				8B60537F201A8DE600217FEB /* AddEditProductHeaderView.swift */,
			);
			path = View;
			sourceTree = "<group>";
		};
		1CFC3B122013B4E7004A06AE /* Controller */ = {
			isa = PBXGroup;
			children = (
				1C76F0F820045869009C9F26 /* ProductTableViewController.swift */,
				1C76F0F620045869009C9F26 /* ProductDetailsViewController.swift */,
				1CFC3B0E200D6DAD004A06AE /* SampleTestViewController.swift */,
				1C1CC9532013D62C002A163F /* AddEditPriceController.swift */,
				8B60537D201A8A1200217FEB /* AddEditProductController.swift */,
			);
			path = Controller;
			sourceTree = "<group>";
		};
		8B6053A5201C66E500217FEB /* Extension */ = {
			isa = PBXGroup;
			children = (
				8B6053A6201C673000217FEB /* NavigationExtension.swift */,
				8B6053A8201D654800217FEB /* UIImageExtension.swift */,
			);
			path = Extension;
			sourceTree = "<group>";
		};
/* End PBXGroup section */

/* Begin PBXNativeTarget section */
		1C6B71BF2000135C00221DF0 /* PricePantry */ = {
			isa = PBXNativeTarget;
			buildConfigurationList = 1C6B71D22000135C00221DF0 /* Build configuration list for PBXNativeTarget "PricePantry" */;
			buildPhases = (
				1C6B71BC2000135C00221DF0 /* Sources */,
				1C6B71BD2000135C00221DF0 /* Frameworks */,
				1C6B71BE2000135C00221DF0 /* Resources */,
			);
			buildRules = (
			);
			dependencies = (
			);
			name = PricePantry;
			productName = PricePantry;
			productReference = 1CFC3B0920047C0A004A06AE /* PricePantry.app */;
			productType = "com.apple.product-type.application";
		};
/* End PBXNativeTarget section */

/* Begin PBXProject section */
		1C6B71B82000135B00221DF0 /* Project object */ = {
			isa = PBXProject;
			attributes = {
				LastSwiftUpdateCheck = 0920;
				LastUpgradeCheck = 0920;
				ORGANIZATIONNAME = "Khanh Nguyen";
				TargetAttributes = {
					1C6B71BF2000135C00221DF0 = {
						CreatedOnToolsVersion = 9.2;
						ProvisioningStyle = Automatic;
					};
				};
			};
			buildConfigurationList = 1C6B71BB2000135B00221DF0 /* Build configuration list for PBXProject "PricePantry" */;
			compatibilityVersion = "Xcode 8.0";
			developmentRegion = en;
			hasScannedForEncodings = 0;
			knownRegions = (
				en,
				Base,
			);
			mainGroup = 1C6B71B72000135B00221DF0;
			productRefGroup = 1C6B71B72000135B00221DF0;
			projectDirPath = "";
			projectRoot = "";
			targets = (
				1C6B71BF2000135C00221DF0 /* PricePantry */,
			);
		};
/* End PBXProject section */

/* Begin PBXResourcesBuildPhase section */
		1C6B71BE2000135C00221DF0 /* Resources */ = {
			isa = PBXResourcesBuildPhase;
			buildActionMask = 2147483647;
			files = (
				1C76F0FC20045869009C9F26 /* LaunchScreen.storyboard in Resources */,
				1C76F0FA20045869009C9F26 /* Assets.xcassets in Resources */,
			);
			runOnlyForDeploymentPostprocessing = 0;
		};
/* End PBXResourcesBuildPhase section */

/* Begin PBXSourcesBuildPhase section */
		1C6B71BC2000135C00221DF0 /* Sources */ = {
			isa = PBXSourcesBuildPhase;
			buildActionMask = 2147483647;
			files = (
				8B6053AB201D985B00217FEB /* ControllerActionDelegate.swift in Sources */,
				1C1CC9572013E53E002A163F /* CellActionDelegate.swift in Sources */,
				8B6053A4201BB87D00217FEB /* PricePantry.xcdatamodeld in Sources */,
				8B6053A9201D654800217FEB /* UIImageExtension.swift in Sources */,
				1C76F10020045869009C9F26 /* ProductTableViewController.swift in Sources */,
				1C1CC9542013D62C002A163F /* AddEditPriceController.swift in Sources */,
				1C76F0F920045869009C9F26 /* AppDelegate.swift in Sources */,
				1CFC3B0B200C16D8004A06AE /* ProductDetailsActionViewCell.swift in Sources */,
				1CFC3B112012BD32004A06AE /* ProductPriceViewCell.swift in Sources */,
				1C76F0FF20045869009C9F26 /* ProductTableViewCell.swift in Sources */,
				1C76F0FD20045869009C9F26 /* Models.swift in Sources */,
				1C76F0FE20045869009C9F26 /* ProductDetailsViewController.swift in Sources */,
				1C1CC95A2013F46F002A163F /* EntryCellWithLabel.swift in Sources */,
				1C1CC95C20140432002A163F /* BaseControlCell.swift in Sources */,
				1CFC3B0F200D6DAD004A06AE /* SampleTestViewController.swift in Sources */,
				1C1CC96020154C0E002A163F /* LargeEntryCell.swift in Sources */,
				8B605380201A8DE600217FEB /* AddEditProductHeaderView.swift in Sources */,
				1C76F10520045CFD009C9F26 /* ProductDetailsTitleViewCell.swift in Sources */,
				1C76F10220045BBE009C9F26 /* ProductDetailsHeaderView.swift in Sources */,
				8B6053A7201C673000217FEB /* NavigationExtension.swift in Sources */,
				8B60537E201A8A1200217FEB /* AddEditProductController.swift in Sources */,
				1C1CC95E2014464C002A163F /* DatePickerCell.swift in Sources */,
			);
			runOnlyForDeploymentPostprocessing = 0;
		};
/* End PBXSourcesBuildPhase section */

/* Begin XCBuildConfiguration section */
		1C6B71D02000135C00221DF0 /* Debug */ = {
			isa = XCBuildConfiguration;
			buildSettings = {
				ALWAYS_SEARCH_USER_PATHS = NO;
				CLANG_ANALYZER_NONNULL = YES;
				CLANG_ANALYZER_NUMBER_OBJECT_CONVERSION = YES_AGGRESSIVE;
				CLANG_CXX_LANGUAGE_STANDARD = "gnu++14";
				CLANG_CXX_LIBRARY = "libc++";
				CLANG_ENABLE_MODULES = YES;
				CLANG_ENABLE_OBJC_ARC = YES;
				CLANG_WARN_BLOCK_CAPTURE_AUTORELEASING = YES;
				CLANG_WARN_BOOL_CONVERSION = YES;
				CLANG_WARN_COMMA = YES;
				CLANG_WARN_CONSTANT_CONVERSION = YES;
				CLANG_WARN_DIRECT_OBJC_ISA_USAGE = YES_ERROR;
				CLANG_WARN_DOCUMENTATION_COMMENTS = YES;
				CLANG_WARN_EMPTY_BODY = YES;
				CLANG_WARN_ENUM_CONVERSION = YES;
				CLANG_WARN_INFINITE_RECURSION = YES;
				CLANG_WARN_INT_CONVERSION = YES;
				CLANG_WARN_NON_LITERAL_NULL_CONVERSION = YES;
				CLANG_WARN_OBJC_LITERAL_CONVERSION = YES;
				CLANG_WARN_OBJC_ROOT_CLASS = YES_ERROR;
				CLANG_WARN_RANGE_LOOP_ANALYSIS = YES;
				CLANG_WARN_STRICT_PROTOTYPES = YES;
				CLANG_WARN_SUSPICIOUS_MOVE = YES;
				CLANG_WARN_UNGUARDED_AVAILABILITY = YES_AGGRESSIVE;
				CLANG_WARN_UNREACHABLE_CODE = YES;
				CLANG_WARN__DUPLICATE_METHOD_MATCH = YES;
				CODE_SIGN_IDENTITY = "iPhone Developer";
				COPY_PHASE_STRIP = NO;
				DEBUG_INFORMATION_FORMAT = dwarf;
				ENABLE_STRICT_OBJC_MSGSEND = YES;
				ENABLE_TESTABILITY = YES;
				GCC_C_LANGUAGE_STANDARD = gnu11;
				GCC_DYNAMIC_NO_PIC = NO;
				GCC_NO_COMMON_BLOCKS = YES;
				GCC_OPTIMIZATION_LEVEL = 0;
				GCC_PREPROCESSOR_DEFINITIONS = (
					"DEBUG=1",
					"$(inherited)",
				);
				GCC_WARN_64_TO_32_BIT_CONVERSION = YES;
				GCC_WARN_ABOUT_RETURN_TYPE = YES_ERROR;
				GCC_WARN_UNDECLARED_SELECTOR = YES;
				GCC_WARN_UNINITIALIZED_AUTOS = YES_AGGRESSIVE;
				GCC_WARN_UNUSED_FUNCTION = YES;
				GCC_WARN_UNUSED_VARIABLE = YES;
				IPHONEOS_DEPLOYMENT_TARGET = 11.2;
				MTL_ENABLE_DEBUG_INFO = YES;
				ONLY_ACTIVE_ARCH = YES;
				SDKROOT = iphoneos;
				SWIFT_ACTIVE_COMPILATION_CONDITIONS = DEBUG;
				SWIFT_OPTIMIZATION_LEVEL = "-Onone";
			};
			name = Debug;
		};
		1C6B71D12000135C00221DF0 /* Release */ = {
			isa = XCBuildConfiguration;
			buildSettings = {
				ALWAYS_SEARCH_USER_PATHS = NO;
				CLANG_ANALYZER_NONNULL = YES;
				CLANG_ANALYZER_NUMBER_OBJECT_CONVERSION = YES_AGGRESSIVE;
				CLANG_CXX_LANGUAGE_STANDARD = "gnu++14";
				CLANG_CXX_LIBRARY = "libc++";
				CLANG_ENABLE_MODULES = YES;
				CLANG_ENABLE_OBJC_ARC = YES;
				CLANG_WARN_BLOCK_CAPTURE_AUTORELEASING = YES;
				CLANG_WARN_BOOL_CONVERSION = YES;
				CLANG_WARN_COMMA = YES;
				CLANG_WARN_CONSTANT_CONVERSION = YES;
				CLANG_WARN_DIRECT_OBJC_ISA_USAGE = YES_ERROR;
				CLANG_WARN_DOCUMENTATION_COMMENTS = YES;
				CLANG_WARN_EMPTY_BODY = YES;
				CLANG_WARN_ENUM_CONVERSION = YES;
				CLANG_WARN_INFINITE_RECURSION = YES;
				CLANG_WARN_INT_CONVERSION = YES;
				CLANG_WARN_NON_LITERAL_NULL_CONVERSION = YES;
				CLANG_WARN_OBJC_LITERAL_CONVERSION = YES;
				CLANG_WARN_OBJC_ROOT_CLASS = YES_ERROR;
				CLANG_WARN_RANGE_LOOP_ANALYSIS = YES;
				CLANG_WARN_STRICT_PROTOTYPES = YES;
				CLANG_WARN_SUSPICIOUS_MOVE = YES;
				CLANG_WARN_UNGUARDED_AVAILABILITY = YES_AGGRESSIVE;
				CLANG_WARN_UNREACHABLE_CODE = YES;
				CLANG_WARN__DUPLICATE_METHOD_MATCH = YES;
				CODE_SIGN_IDENTITY = "iPhone Developer";
				COPY_PHASE_STRIP = NO;
				DEBUG_INFORMATION_FORMAT = "dwarf-with-dsym";
				ENABLE_NS_ASSERTIONS = NO;
				ENABLE_STRICT_OBJC_MSGSEND = YES;
				GCC_C_LANGUAGE_STANDARD = gnu11;
				GCC_NO_COMMON_BLOCKS = YES;
				GCC_WARN_64_TO_32_BIT_CONVERSION = YES;
				GCC_WARN_ABOUT_RETURN_TYPE = YES_ERROR;
				GCC_WARN_UNDECLARED_SELECTOR = YES;
				GCC_WARN_UNINITIALIZED_AUTOS = YES_AGGRESSIVE;
				GCC_WARN_UNUSED_FUNCTION = YES;
				GCC_WARN_UNUSED_VARIABLE = YES;
				IPHONEOS_DEPLOYMENT_TARGET = 11.2;
				MTL_ENABLE_DEBUG_INFO = NO;
				SDKROOT = iphoneos;
				SWIFT_OPTIMIZATION_LEVEL = "-Owholemodule";
				VALIDATE_PRODUCT = YES;
			};
			name = Release;
		};
		1C6B71D32000135C00221DF0 /* Debug */ = {
			isa = XCBuildConfiguration;
			buildSettings = {
				ASSETCATALOG_COMPILER_APPICON_NAME = AppIcon;
				"CODE_SIGN_IDENTITY[sdk=iphoneos*]" = "iPhone Developer";
				CODE_SIGN_STYLE = Automatic;
				DEVELOPMENT_TEAM = 3P7DPTPNR9;
				INFOPLIST_FILE = PricePantry/Info.plist;
				LD_RUNPATH_SEARCH_PATHS = "$(inherited) @executable_path/Frameworks";
				PRODUCT_BUNDLE_IDENTIFIER = com.khanh.nguyen.PricePantry;
				PRODUCT_NAME = "$(TARGET_NAME)";
				PROVISIONING_PROFILE_SPECIFIER = "";
				SWIFT_VERSION = 4.0;
				TARGETED_DEVICE_FAMILY = "1,2";
			};
			name = Debug;
		};
		1C6B71D42000135C00221DF0 /* Release */ = {
			isa = XCBuildConfiguration;
			buildSettings = {
				ASSETCATALOG_COMPILER_APPICON_NAME = AppIcon;
				"CODE_SIGN_IDENTITY[sdk=iphoneos*]" = "iPhone Developer";
				CODE_SIGN_STYLE = Automatic;
				DEVELOPMENT_TEAM = 3P7DPTPNR9;
				INFOPLIST_FILE = PricePantry/Info.plist;
				LD_RUNPATH_SEARCH_PATHS = "$(inherited) @executable_path/Frameworks";
				PRODUCT_BUNDLE_IDENTIFIER = com.khanh.nguyen.PricePantry;
				PRODUCT_NAME = "$(TARGET_NAME)";
				PROVISIONING_PROFILE_SPECIFIER = "";
				SWIFT_VERSION = 4.0;
				TARGETED_DEVICE_FAMILY = "1,2";
			};
			name = Release;
		};
/* End XCBuildConfiguration section */

/* Begin XCConfigurationList section */
		1C6B71BB2000135B00221DF0 /* Build configuration list for PBXProject "PricePantry" */ = {
			isa = XCConfigurationList;
			buildConfigurations = (
				1C6B71D02000135C00221DF0 /* Debug */,
				1C6B71D12000135C00221DF0 /* Release */,
			);
			defaultConfigurationIsVisible = 0;
			defaultConfigurationName = Release;
		};
		1C6B71D22000135C00221DF0 /* Build configuration list for PBXNativeTarget "PricePantry" */ = {
			isa = XCConfigurationList;
			buildConfigurations = (
				1C6B71D32000135C00221DF0 /* Debug */,
				1C6B71D42000135C00221DF0 /* Release */,
			);
			defaultConfigurationIsVisible = 0;
			defaultConfigurationName = Release;
		};
/* End XCConfigurationList section */

/* Begin XCVersionGroup section */
		8B6053A2201BB87D00217FEB /* PricePantry.xcdatamodeld */ = {
			isa = XCVersionGroup;
			children = (
				8B6053A3201BB87D00217FEB /* PricePantry.xcdatamodel */,
			);
			currentVersion = 8B6053A3201BB87D00217FEB /* PricePantry.xcdatamodel */;
			path = PricePantry.xcdatamodeld;
			sourceTree = "<group>";
			versionGroupType = wrapper.xcdatamodel;
		};
/* End XCVersionGroup section */
	};
	rootObject = 1C6B71B82000135B00221DF0 /* Project object */;
}
